<?xml version="1.0" encoding="utf-8"?>
<Project ToolsVersion="4.0" xmlns="http://schemas.microsoft.com/developer/msbuild/2003">
  <ItemGroup>
    <Filter Include="Source Files">
      <UniqueIdentifier>{4FC737F1-C7A5-4376-A066-2A32D752A2FF}</UniqueIdentifier>
      <Extensions>cpp;c;cc;cxx;def;odl;idl;hpj;bat;asm;asmx</Extensions>
    </Filter>
    <Filter Include="Header Files">
      <UniqueIdentifier>{93995380-89BD-4b04-88EB-625FBE52EBFB}</UniqueIdentifier>
      <Extensions>h;hh;hpp;hxx;hm;inl;inc;ipp;xsd</Extensions>
    </Filter>
    <Filter Include="Resource Files">
      <UniqueIdentifier>{67DA6AB6-F800-4c08-8B7A-83BB121AAD01}</UniqueIdentifier>
      <Extensions>rc;ico;cur;bmp;dlg;rc2;rct;bin;rgs;gif;jpg;jpeg;jpe;resx;tiff;tif;png;wav;mfcribbon-ms</Extensions>
    </Filter>
  </ItemGroup>
  <ItemGroup>
    <ClCompile Include="$(Ledger)src\bat\ledger\ledger.cc">
      <Filter>Source Files</Filter>
    </ClCompile>
    <ClCompile Include="$(Ledger)src\bat_client.cc">
      <Filter>Source Files</Filter>
    </ClCompile>
    <ClCompile Include="$(Ledger)src\bat_get_media.cc">
      <Filter>Source Files</Filter>
    </ClCompile>
    <ClCompile Include="$(Ledger)src\bat_helper.cc">
      <Filter>Source Files</Filter>
    </ClCompile>
    <ClCompile Include="$(Ledger)src\bat_helper_platform.cc">
      <Filter>Source Files</Filter>
    </ClCompile>
    <ClCompile Include="$(Ledger)src\bat_publishers.cc">
      <Filter>Source Files</Filter>
    </ClCompile>
    <ClCompile Include="$(Ledger)src\ledger_impl.cc">
      <Filter>Source Files</Filter>
    </ClCompile>
    <ClCompile Include="$(Ledger)src\ledger_task_runner_impl.cc">
      <Filter>Source Files</Filter>
    </ClCompile>
    <ClCompile Include="$(Ledger)src\url_request_handler.cc">
      <Filter>Source Files</Filter>
    </ClCompile>
  </ItemGroup>
  <ItemGroup>
    <ClInclude Include="$(Ledger)include\bat\ledger\export.h">
      <Filter>Header Files</Filter>
    </ClInclude>
    <ClInclude Include="$(Ledger)include\bat\ledger\ledger.h">
      <Filter>Header Files</Filter>
    </ClInclude>
    <ClInclude Include="$(Ledger)include\bat\ledger\ledger_callback_handler.h">
      <Filter>Header Files</Filter>
    </ClInclude>
    <ClInclude Include="$(Ledger)include\bat\ledger\ledger_client.h">
      <Filter>Header Files</Filter>
    </ClInclude>
    <ClInclude Include="$(Ledger)include\bat\ledger\ledger_task_runner.h">
      <Filter>Header Files</Filter>
    </ClInclude>
    <ClInclude Include="$(Ledger)include\bat\ledger\ledger_url_loader.h">
      <Filter>Header Files</Filter>
    </ClInclude>
    <ClInclude Include="$(Ledger)src\bat_client.h">
      <Filter>Header Files</Filter>
    </ClInclude>
    <ClInclude Include="$(Ledger)src\bat_get_media.h">
      <Filter>Header Files</Filter>
    </ClInclude>
    <ClInclude Include="$(Ledger)src\bat_helper.h">
      <Filter>Header Files</Filter>
    </ClInclude>
    <ClInclude Include="$(Ledger)src\bat_helper_platform.h">
      <Filter>Header Files</Filter>
    </ClInclude>
    <ClInclude Include="$(Ledger)src\bat_publishers.h">
      <Filter>Header Files</Filter>
    </ClInclude>
    <ClInclude Include="$(Ledger)src\ledger_impl.h">
      <Filter>Header Files</Filter>
    </ClInclude>
    <ClInclude Include="$(Ledger)src\ledger_task_runner_impl.h">
      <Filter>Header Files</Filter>
    </ClInclude>
    <ClInclude Include="$(Ledger)src\rapidjson_bat_helper.h">
      <Filter>Header Files</Filter>
    </ClInclude>
    <ClInclude Include="$(Ledger)src\static_values.h">
      <Filter>Header Files</Filter>
    </ClInclude>
    <ClInclude Include="$(Ledger)src\url_request_handler.h">
      <Filter>Header Files</Filter>
    </ClInclude>
    <ClInclude Include="$(Ledger)include\bat\ledger\grant.h">
      <Filter>Header Files</Filter>
    </ClInclude>
    <ClInclude Include="$(Ledger)include\bat\ledger\publisher_info.h">
      <Filter>Header Files</Filter>
    </ClInclude>
    <ClInclude Include="$(Ledger)include\bat\ledger\wallet_info.h">
      <Filter>Header Files</Filter>
    </ClInclude>
    <ClInclude Include="$(Ledger)include\bat\ledger\promo.h">
      <Filter>Header Files</Filter>
    </ClInclude>
  </ItemGroup>
</Project>